
Microsoft Visual Studio Solution File, Format Version 12.00
# Visual Studio Version 17
VisualStudioVersion = 17.4.33122.133
MinimumVisualStudioVersion = 10.0.40219.1
Project("{FAE04EC0-301F-11D3-BF4B-00C04F79EFBC}") = "AmmunationForm", "AmmunationForm\AmmunationForm.csproj", "{C0EE7DD9-2730-4CCD-AA2A-D39837F97603}"
EndProject
Global
	GlobalSection(SolutionConfigurationPlatforms) = preSolution
		Debug|Any CPU = Debug|Any CPU
		Release|Any CPU = Release|Any CPU
	EndGlobalSection
	GlobalSection(ProjectConfigurationPlatforms) = postSolution
		{C0EE7DD9-2730-4CCD-AA2A-D39837F97603}.Debug|Any CPU.ActiveCfg = Debug|Any CPU
		{C0EE7DD9-2730-4CCD-AA2A-D39837F97603}.Debug|Any CPU.Build.0 = Debug|Any CPU
		{C0EE7DD9-2730-4CCD-AA2A-D39837F97603}.Release|Any CPU.ActiveCfg = Release|Any CPU
		{C0EE7DD9-2730-4CCD-AA2A-D39837F97603}.Release|Any CPU.Build.0 = Release|Any CPU
	EndGlobalSection
	GlobalSection(SolutionProperties) = preSolution
		HideSolutionNode = FALSE
	EndGlobalSection
	GlobalSection(ExtensibilityGlobals) = postSolution
		SolutionGuid = {811D4108-1161-4F88-85A2-8E9E2DAE32E3}
	EndGlobalSection
EndGlobal
